
Microsoft Visual Studio Solution File, Format Version 12.00
# Visual Studio Version 17
VisualStudioVersion = 17.11.35208.52
MinimumVisualStudioVersion = 10.0.40219.1
Project("{9A19103F-16F7-4668-BE54-9A1E7A4F7556}") = "SimpleRestaurant5", "SimpleRestaurant2\SimpleRestaurant5.csproj", "{8692E2ED-5FBF-482F-9346-85497D3FBD6A}"
EndProject
Global
	GlobalSection(SolutionConfigurationPlatforms) = preSolution
		Debug|Any CPU = Debug|Any CPU
		Release|Any CPU = Release|Any CPU
	EndGlobalSection
	GlobalSection(ProjectConfigurationPlatforms) = postSolution
		{8692E2ED-5FBF-482F-9346-85497D3FBD6A}.Debug|Any CPU.ActiveCfg = Debug|Any CPU
		{8692E2ED-5FBF-482F-9346-85497D3FBD6A}.Debug|Any CPU.Build.0 = Debug|Any CPU
		{8692E2ED-5FBF-482F-9346-85497D3FBD6A}.Release|Any CPU.ActiveCfg = Release|Any CPU
		{8692E2ED-5FBF-482F-9346-85497D3FBD6A}.Release|Any CPU.Build.0 = Release|Any CPU
	EndGlobalSection
	GlobalSection(SolutionProperties) = preSolution
		HideSolutionNode = FALSE
	EndGlobalSection
	GlobalSection(ExtensibilityGlobals) = postSolution
		SolutionGuid = {33B5B66C-D454-415F-94BE-797E97F69520}
	EndGlobalSection
EndGlobal
